{
  "name": "honeytree",
  "version": "1.1.6",
  "lockfileVersion": 3,
  "requires": true,
  "packages": {
    "": {
      "name": "honeytree",
      "version": "1.1.6",
      "license": "MIT",
      "dependencies": {
        "chalk": "^5.4.1",
        "honeytree": "^1.1.5"
      },
      "bin": {
        "honeytree": "bin/honeydew.js"
      },
      "engines": {
        "node": ">=18"
      }
    },
    "node_modules/chalk": {
      "version": "5.6.2",
      "resolved": "https://registry.npmjs.org/chalk/-/chalk-5.6.2.tgz",
      "integrity": "sha512-7NzBL0rN6fMUW+f7A6Io4h40qQlG+xGmtMxfbnH/K7TAtt8JQWVQK+6g0UXKMeVJoyV5EkkNsErQ8pVD3bLHbA==",
      "license": "MIT",
      "engines": {
        "node": "^12.17.0 || ^14.13 || >=16.0.0"
      },
      "funding": {
        "url": "https://github.com/chalk/chalk?sponsor=1"
      }
    },
    "node_modules/honeytree": {
      "version": "1.1.5",
      "resolved": "https://registry.npmjs.org/honeytree/-/honeytree-1.1.5.tgz",
      "integrity": "sha512-hVz1UJa6ciJvJBVlST9A7UOhWLciix9hFr6g1kcDjaPExV/UWqIA3myJn1oZxkPAh7PWxBbZGxY7uzzMXT3p8w==",
      "license": "MIT",
      "dependencies": {
        "chalk": "^5.4.1"
      },
      "bin": {
        "honeytree": "bin/honeydew.js"
      },
      "engines": {
        "node": ">=18"
      }
    }
  }
}
